// !$*UTF8*$!
{
	archiveVersion = 1;
	classes = {
	};
	objectVersion = 55;
	objects = {

/* Begin PBXBuildFile section */
		034BFA95271E9BD50071186F /* ShipLogoApp.swift in Sources */ = {isa = PBXBuildFile; fileRef = 034BFA94271E9BD50071186F /* ShipLogoApp.swift */; };
		034BFA97271E9BD50071186F /* ContentView.swift in Sources */ = {isa = PBXBuildFile; fileRef = 034BFA96271E9BD50071186F /* ContentView.swift */; };
		034BFA99271E9BDB0071186F /* Assets.xcassets in Resources */ = {isa = PBXBuildFile; fileRef = 034BFA98271E9BDB0071186F /* Assets.xcassets */; };
		034BFA9C271E9BDB0071186F /* Preview Assets.xcassets in Resources */ = {isa = PBXBuildFile; fileRef = 034BFA9B271E9BDB0071186F /* Preview Assets.xcassets */; };
		034D9FA0271EA7D500CCD960 /* Cannon.swift in Sources */ = {isa = PBXBuildFile; fileRef = 034D9F9F271EA7D500CCD960 /* Cannon.swift */; };
		034D9FA2271EAC8000CCD960 /* CannonTower.swift in Sources */ = {isa = PBXBuildFile; fileRef = 034D9FA1271EAC8000CCD960 /* CannonTower.swift */; };
		034D9FA4271EAD6B00CCD960 /* Chimney.swift in Sources */ = {isa = PBXBuildFile; fileRef = 034D9FA3271EAD6B00CCD960 /* Chimney.swift */; };
		034D9FA8271EB72F00CCD960 /* Mast.swift in Sources */ = {isa = PBXBuildFile; fileRef = 034D9FA7271EB72F00CCD960 /* Mast.swift */; };
		034D9FAA271EBD3F00CCD960 /* Ship.swift in Sources */ = {isa = PBXBuildFile; fileRef = 034D9FA9271EBD3F00CCD960 /* Ship.swift */; };
/* End PBXBuildFile section */

/* Begin PBXFileReference section */
		034BFA91271E9BD50071186F /* ShipLogo.app */ = {isa = PBXFileReference; explicitFileType = wrapper.application; includeInIndex = 0; path = ShipLogo.app; sourceTree = BUILT_PRODUCTS_DIR; };
		034BFA94271E9BD50071186F /* ShipLogoApp.swift */ = {isa = PBXFileReference; lastKnownFileType = sourcecode.swift; path = ShipLogoApp.swift; sourceTree = "<group>"; };
		034BFA96271E9BD50071186F /* ContentView.swift */ = {isa = PBXFileReference; lastKnownFileType = sourcecode.swift; path = ContentView.swift; sourceTree = "<group>"; };
		034BFA98271E9BDB0071186F /* Assets.xcassets */ = {isa = PBXFileReference; lastKnownFileType = folder.assetcatalog; path = Assets.xcassets; sourceTree = "<group>"; };
		034BFA9B271E9BDB0071186F /* Preview Assets.xcassets */ = {isa = PBXFileReference; lastKnownFileType = folder.assetcatalog; path = "Preview Assets.xcassets"; sourceTree = "<group>"; };
		034D9F9F271EA7D500CCD960 /* Cannon.swift */ = {isa = PBXFileReference; lastKnownFileType = sourcecode.swift; path = Cannon.swift; sourceTree = "<group>"; };
		034D9FA1271EAC8000CCD960 /* CannonTower.swift */ = {isa = PBXFileReference; lastKnownFileType = sourcecode.swift; path = CannonTower.swift; sourceTree = "<group>"; };
		034D9FA3271EAD6B00CCD960 /* Chimney.swift */ = {isa = PBXFileReference; lastKnownFileType = sourcecode.swift; path = Chimney.swift; sourceTree = "<group>"; };
		034D9FA7271EB72F00CCD960 /* Mast.swift */ = {isa = PBXFileReference; lastKnownFileType = sourcecode.swift; path = Mast.swift; sourceTree = "<group>"; };
		034D9FA9271EBD3F00CCD960 /* Ship.swift */ = {isa = PBXFileReference; lastKnownFileType = sourcecode.swift; path = Ship.swift; sourceTree = "<group>"; };
/* End PBXFileReference section */

/* Begin PBXFrameworksBuildPhase section */
		034BFA8E271E9BD50071186F /* Frameworks */ = {
			isa = PBXFrameworksBuildPhase;
			buildActionMask = 2147483647;
			files = (
			);
			runOnlyForDeploymentPostprocessing = 0;
		};
/* End PBXFrameworksBuildPhase section */

/* Begin PBXGroup section */
		034BFA88271E9BD50071186F = {
			isa = PBXGroup;
			children = (
				034BFA93271E9BD50071186F /* ShipLogo */,
				034BFA92271E9BD50071186F /* Products */,
			);
			sourceTree = "<group>";
		};
		034BFA92271E9BD50071186F /* Products */ = {
			isa = PBXGroup;
			children = (
				034BFA91271E9BD50071186F /* ShipLogo.app */,
			);
			name = Products;
			sourceTree = "<group>";
		};
		034BFA93271E9BD50071186F /* ShipLogo */ = {
			isa = PBXGroup;
			children = (
				034BFA94271E9BD50071186F /* ShipLogoApp.swift */,
				034BFA96271E9BD50071186F /* ContentView.swift */,
				034D9FA9271EBD3F00CCD960 /* Ship.swift */,
				034D9FA7271EB72F00CCD960 /* Mast.swift */,
				034D9FA3271EAD6B00CCD960 /* Chimney.swift */,
				034D9FA1271EAC8000CCD960 /* CannonTower.swift */,
				034D9F9F271EA7D500CCD960 /* Cannon.swift */,
				034BFA98271E9BDB0071186F /* Assets.xcassets */,
				034BFA9A271E9BDB0071186F /* Preview Content */,
			);
			path = ShipLogo;
			sourceTree = "<group>";
		};
		034BFA9A271E9BDB0071186F /* Preview Content */ = {
			isa = PBXGroup;
			children = (
				034BFA9B271E9BDB0071186F /* Preview Assets.xcassets */,
			);
			path = "Preview Content";
			sourceTree = "<group>";
		};
/* End PBXGroup section */

/* Begin PBXNativeTarget section */
		034BFA90271E9BD50071186F /* ShipLogo */ = {
			isa = PBXNativeTarget;
			buildConfigurationList = 034BFA9F271E9BDB0071186F /* Build configuration list for PBXNativeTarget "ShipLogo" */;
			buildPhases = (
				034BFA8D271E9BD50071186F /* Sources */,
				034BFA8E271E9BD50071186F /* Frameworks */,
				034BFA8F271E9BD50071186F /* Resources */,
			);
			buildRules = (
			);
			dependencies = (
			);
			name = ShipLogo;
			productName = ShipLogo;
			productReference = 034BFA91271E9BD50071186F /* ShipLogo.app */;
			productType = "com.apple.product-type.application";
		};
/* End PBXNativeTarget section */

/* Begin PBXProject section */
		034BFA89271E9BD50071186F /* Project object */ = {
			isa = PBXProject;
			attributes = {
				BuildIndependentTargetsInParallel = 1;
				LastSwiftUpdateCheck = 1300;
				LastUpgradeCheck = 1300;
				TargetAttributes = {
					034BFA90271E9BD50071186F = {
						CreatedOnToolsVersion = 13.0;
					};
				};
			};
			buildConfigurationList = 034BFA8C271E9BD50071186F /* Build configuration list for PBXProject "ShipLogo" */;
			compatibilityVersion = "Xcode 13.0";
			developmentRegion = en;
			hasScannedForEncodings = 0;
			knownRegions = (
				en,
				Base,
			);
			mainGroup = 034BFA88271E9BD50071186F;
			productRefGroup = 034BFA92271E9BD50071186F /* Products */;
			projectDirPath = "";
			projectRoot = "";
			targets = (
				034BFA90271E9BD50071186F /* ShipLogo */,
			);
		};
/* End PBXProject section */

/* Begin PBXResourcesBuildPhase section */
		034BFA8F271E9BD50071186F /* Resources */ = {
			isa = PBXResourcesBuildPhase;
			buildActionMask = 2147483647;
			files = (
				034BFA9C271E9BDB0071186F /* Preview Assets.xcassets in Resources */,
				034BFA99271E9BDB0071186F /* Assets.xcassets in Resources */,
			);
			runOnlyForDeploymentPostprocessing = 0;
		};
/* End PBXResourcesBuildPhase section */

/* Begin PBXSourcesBuildPhase section */
		034BFA8D271E9BD50071186F /* Sources */ = {
			isa = PBXSourcesBuildPhase;
			buildActionMask = 2147483647;
			files = (
				034BFA97271E9BD50071186F /* ContentView.swift in Sources */,
				034D9FA0271EA7D500CCD960 /* Cannon.swift in Sources */,
				034D9FA8271EB72F00CCD960 /* Mast.swift in Sources */,
				034D9FA2271EAC8000CCD960 /* CannonTower.swift in Sources */,
				034BFA95271E9BD50071186F /* ShipLogoApp.swift in Sources */,
				034D9FAA271EBD3F00CCD960 /* Ship.swift in Sources */,
				034D9FA4271EAD6B00CCD960 /* Chimney.swift in Sources */,
			);
			runOnlyForDeploymentPostprocessing = 0;
		};
/* End PBXSourcesBuildPhase section */

/* Begin XCBuildConfiguration section */
		034BFA9D271E9BDB0071186F /* Debug */ = {
			isa = XCBuildConfiguration;
			buildSettings = {
				ALWAYS_SEARCH_USER_PATHS = NO;
				CLANG_ANALYZER_NONNULL = YES;
				CLANG_ANALYZER_NUMBER_OBJECT_CONVERSION = YES_AGGRESSIVE;
				CLANG_CXX_LANGUAGE_STANDARD = "gnu++17";
				CLANG_CXX_LIBRARY = "libc++";
				CLANG_ENABLE_MODULES = YES;
				CLANG_ENABLE_OBJC_ARC = YES;
				CLANG_ENABLE_OBJC_WEAK = YES;
				CLANG_WARN_BLOCK_CAPTURE_AUTORELEASING = YES;
				CLANG_WARN_BOOL_CONVERSION = YES;
				CLANG_WARN_COMMA = YES;
				CLANG_WARN_CONSTANT_CONVERSION = YES;
				CLANG_WARN_DEPRECATED_OBJC_IMPLEMENTATIONS = YES;
				CLANG_WARN_DIRECT_OBJC_ISA_USAGE = YES_ERROR;
				CLANG_WARN_DOCUMENTATION_COMMENTS = YES;
				CLANG_WARN_EMPTY_BODY = YES;
				CLANG_WARN_ENUM_CONVERSION = YES;
				CLANG_WARN_INFINITE_RECURSION = YES;
				CLANG_WARN_INT_CONVERSION = YES;
				CLANG_WARN_NON_LITERAL_NULL_CONVERSION = YES;
				CLANG_WARN_OBJC_IMPLICIT_RETAIN_SELF = YES;
				CLANG_WARN_OBJC_LITERAL_CONVERSION = YES;
				CLANG_WARN_OBJC_ROOT_CLASS = YES_ERROR;
				CLANG_WARN_QUOTED_INCLUDE_IN_FRAMEWORK_HEADER = YES;
				CLANG_WARN_RANGE_LOOP_ANALYSIS = YES;
				CLANG_WARN_STRICT_PROTOTYPES = YES;
				CLANG_WARN_SUSPICIOUS_MOVE = YES;
				CLANG_WARN_UNGUARDED_AVAILABILITY = YES_AGGRESSIVE;
				CLANG_WARN_UNREACHABLE_CODE = YES;
				CLANG_WARN__DUPLICATE_METHOD_MATCH = YES;
				COPY_PHASE_STRIP = NO;
				DEBUG_INFORMATION_FORMAT = dwarf;
				ENABLE_STRICT_OBJC_MSGSEND = YES;
				ENABLE_TESTABILITY = YES;
				GCC_C_LANGUAGE_STANDARD = gnu11;
				GCC_DYNAMIC_NO_PIC = NO;
				GCC_NO_COMMON_BLOCKS = YES;
				GCC_OPTIMIZATION_LEVEL = 0;
				GCC_PREPROCESSOR_DEFINITIONS = (
					"DEBUG=1",
					"$(inherited)",
				);
				GCC_WARN_64_TO_32_BIT_CONVERSION = YES;
				GCC_WARN_ABOUT_RETURN_TYPE = YES_ERROR;
				GCC_WARN_UNDECLARED_SELECTOR = YES;
				GCC_WARN_UNINITIALIZED_AUTOS = YES_AGGRESSIVE;
				GCC_WARN_UNUSED_FUNCTION = YES;
				GCC_WARN_UNUSED_VARIABLE = YES;
				IPHONEOS_DEPLOYMENT_TARGET = 15.0;
				MTL_ENABLE_DEBUG_INFO = INCLUDE_SOURCE;
				MTL_FAST_MATH = YES;
				ONLY_ACTIVE_ARCH = YES;
				SDKROOT = iphoneos;
				SWIFT_ACTIVE_COMPILATION_CONDITIONS = DEBUG;
				SWIFT_OPTIMIZATION_LEVEL = "-Onone";
			};
			name = Debug;
		};
		034BFA9E271E9BDB0071186F /* Release */ = {
			isa = XCBuildConfiguration;
			buildSettings = {
				ALWAYS_SEARCH_USER_PATHS = NO;
				CLANG_ANALYZER_NONNULL = YES;
				CLANG_ANALYZER_NUMBER_OBJECT_CONVERSION = YES_AGGRESSIVE;
				CLANG_CXX_LANGUAGE_STANDARD = "gnu++17";
				CLANG_CXX_LIBRARY = "libc++";
				CLANG_ENABLE_MODULES = YES;
				CLANG_ENABLE_OBJC_ARC = YES;
				CLANG_ENABLE_OBJC_WEAK = YES;
				CLANG_WARN_BLOCK_CAPTURE_AUTORELEASING = YES;
				CLANG_WARN_BOOL_CONVERSION = YES;
				CLANG_WARN_COMMA = YES;
				CLANG_WARN_CONSTANT_CONVERSION = YES;
				CLANG_WARN_DEPRECATED_OBJC_IMPLEMENTATIONS = YES;
				CLANG_WARN_DIRECT_OBJC_ISA_USAGE = YES_ERROR;
				CLANG_WARN_DOCUMENTATION_COMMENTS = YES;
				CLANG_WARN_EMPTY_BODY = YES;
				CLANG_WARN_ENUM_CONVERSION = YES;
				CLANG_WARN_INFINITE_RECURSION = YES;
				CLANG_WARN_INT_CONVERSION = YES;
				CLANG_WARN_NON_LITERAL_NULL_CONVERSION = YES;
				CLANG_WARN_OBJC_IMPLICIT_RETAIN_SELF = YES;
				CLANG_WARN_OBJC_LITERAL_CONVERSION = YES;
				CLANG_WARN_OBJC_ROOT_CLASS = YES_ERROR;
				CLANG_WARN_QUOTED_INCLUDE_IN_FRAMEWORK_HEADER = YES;
				CLANG_WARN_RANGE_LOOP_ANALYSIS = YES;
				CLANG_WARN_STRICT_PROTOTYPES = YES;
				CLANG_WARN_SUSPICIOUS_MOVE = YES;
				CLANG_WARN_UNGUARDED_AVAILABILITY = YES_AGGRESSIVE;
				CLANG_WARN_UNREACHABLE_CODE = YES;
				CLANG_WARN__DUPLICATE_METHOD_MATCH = YES;
				COPY_PHASE_STRIP = NO;
				DEBUG_INFORMATION_FORMAT = "dwarf-with-dsym";
				ENABLE_NS_ASSERTIONS = NO;
				ENABLE_STRICT_OBJC_MSGSEND = YES;
				GCC_C_LANGUAGE_STANDARD = gnu11;
				GCC_NO_COMMON_BLOCKS = YES;
				GCC_WARN_64_TO_32_BIT_CONVERSION = YES;
				GCC_WARN_ABOUT_RETURN_TYPE = YES_ERROR;
				GCC_WARN_UNDECLARED_SELECTOR = YES;
				GCC_WARN_UNINITIALIZED_AUTOS = YES_AGGRESSIVE;
				GCC_WARN_UNUSED_FUNCTION = YES;
				GCC_WARN_UNUSED_VARIABLE = YES;
				IPHONEOS_DEPLOYMENT_TARGET = 15.0;
				MTL_ENABLE_DEBUG_INFO = NO;
				MTL_FAST_MATH = YES;
				SDKROOT = iphoneos;
				SWIFT_COMPILATION_MODE = wholemodule;
				SWIFT_OPTIMIZATION_LEVEL = "-O";
				VALIDATE_PRODUCT = YES;
			};
			name = Release;
		};
		034BFAA0271E9BDB0071186F /* Debug */ = {
			isa = XCBuildConfiguration;
			buildSettings = {
				ASSETCATALOG_COMPILER_APPICON_NAME = AppIcon;
				ASSETCATALOG_COMPILER_GLOBAL_ACCENT_COLOR_NAME = AccentColor;
				CODE_SIGN_STYLE = Automatic;
				CURRENT_PROJECT_VERSION = 1;
				DEVELOPMENT_ASSET_PATHS = "\"ShipLogo/Preview Content\"";
				DEVELOPMENT_TEAM = 4QSYFFJ3YV;
				ENABLE_PREVIEWS = YES;
				GENERATE_INFOPLIST_FILE = YES;
				INFOPLIST_KEY_UIApplicationSceneManifest_Generation = YES;
				INFOPLIST_KEY_UIApplicationSupportsIndirectInputEvents = YES;
				INFOPLIST_KEY_UILaunchScreen_Generation = YES;
				INFOPLIST_KEY_UISupportedInterfaceOrientations_iPad = "UIInterfaceOrientationPortrait UIInterfaceOrientationPortraitUpsideDown UIInterfaceOrientationLandscapeLeft UIInterfaceOrientationLandscapeRight";
				INFOPLIST_KEY_UISupportedInterfaceOrientations_iPhone = "UIInterfaceOrientationPortrait UIInterfaceOrientationLandscapeLeft UIInterfaceOrientationLandscapeRight";
				IPHONEOS_DEPLOYMENT_TARGET = 14.0;
				LD_RUNPATH_SEARCH_PATHS = (
					"$(inherited)",
					"@executable_path/Frameworks",
				);
				MARKETING_VERSION = 1.0;
				PRODUCT_BUNDLE_IDENTIFIER = com.fanrende.ShipLogo;
				PRODUCT_NAME = "$(TARGET_NAME)";
				SWIFT_EMIT_LOC_STRINGS = YES;
				SWIFT_VERSION = 5.0;
				TARGETED_DEVICE_FAMILY = "1,2";
			};
			name = Debug;
		};
		034BFAA1271E9BDB0071186F /* Release */ = {
			isa = XCBuildConfiguration;
			buildSettings = {
				ASSETCATALOG_COMPILER_APPICON_NAME = AppIcon;
				ASSETCATALOG_COMPILER_GLOBAL_ACCENT_COLOR_NAME = AccentColor;
				CODE_SIGN_STYLE = Automatic;
				CURRENT_PROJECT_VERSION = 1;
				DEVELOPMENT_ASSET_PATHS = "\"ShipLogo/Preview Content\"";
				DEVELOPMENT_TEAM = 4QSYFFJ3YV;
				ENABLE_PREVIEWS = YES;
				GENERATE_INFOPLIST_FILE = YES;
				INFOPLIST_KEY_UIApplicationSceneManifest_Generation = YES;
				INFOPLIST_KEY_UIApplicationSupportsIndirectInputEvents = YES;
				INFOPLIST_KEY_UILaunchScreen_Generation = YES;
				INFOPLIST_KEY_UISupportedInterfaceOrientations_iPad = "UIInterfaceOrientationPortrait UIInterfaceOrientationPortraitUpsideDown UIInterfaceOrientationLandscapeLeft UIInterfaceOrientationLandscapeRight";
				INFOPLIST_KEY_UISupportedInterfaceOrientations_iPhone = "UIInterfaceOrientationPortrait UIInterfaceOrientationLandscapeLeft UIInterfaceOrientationLandscapeRight";
				IPHONEOS_DEPLOYMENT_TARGET = 14.0;
				LD_RUNPATH_SEARCH_PATHS = (
					"$(inherited)",
					"@executable_path/Frameworks",
				);
				MARKETING_VERSION = 1.0;
				PRODUCT_BUNDLE_IDENTIFIER = com.fanrende.ShipLogo;
				PRODUCT_NAME = "$(TARGET_NAME)";
				SWIFT_EMIT_LOC_STRINGS = YES;
				SWIFT_VERSION = 5.0;
				TARGETED_DEVICE_FAMILY = "1,2";
			};
			name = Release;
		};
/* End XCBuildConfiguration section */

/* Begin XCConfigurationList section */
		034BFA8C271E9BD50071186F /* Build configuration list for PBXProject "ShipLogo" */ = {
			isa = XCConfigurationList;
			buildConfigurations = (
				034BFA9D271E9BDB0071186F /* Debug */,
				034BFA9E271E9BDB0071186F /* Release */,
			);
			defaultConfigurationIsVisible = 0;
			defaultConfigurationName = Release;
		};
		034BFA9F271E9BDB0071186F /* Build configuration list for PBXNativeTarget "ShipLogo" */ = {
			isa = XCConfigurationList;
			buildConfigurations = (
				034BFAA0271E9BDB0071186F /* Debug */,
				034BFAA1271E9BDB0071186F /* Release */,
			);
			defaultConfigurationIsVisible = 0;
			defaultConfigurationName = Release;
		};
/* End XCConfigurationList section */
	};
	rootObject = 034BFA89271E9BD50071186F /* Project object */;
}
